
Microsoft Visual Studio Solution File, Format Version 12.00
# Visual Studio Version 16
VisualStudioVersion = 16.0.30114.105
MinimumVisualStudioVersion = 10.0.40219.1
Project("{FAE04EC0-301F-11D3-BF4B-00C04F79EFBC}") = "BookStore.API", "BookStore.API\BookStore.API.csproj", "{506550E7-9C21-4D5F-887A-56B59F7C5801}"
EndProject
Project("{FAE04EC0-301F-11D3-BF4B-00C04F79EFBC}") = "BookStore.ApiUnitTests", "BookStore.ApiUnitTests\BookStore.ApiUnitTests.csproj", "{6EFC88D0-84E4-41B9-AA4E-AEA09353C145}"
EndProject
Global
	GlobalSection(SolutionConfigurationPlatforms) = preSolution
		Debug|Any CPU = Debug|Any CPU
		Release|Any CPU = Release|Any CPU
	EndGlobalSection
	GlobalSection(SolutionProperties) = preSolution
		HideSolutionNode = FALSE
	EndGlobalSection
	GlobalSection(ProjectConfigurationPlatforms) = postSolution
		{506550E7-9C21-4D5F-887A-56B59F7C5801}.Debug|Any CPU.ActiveCfg = Debug|Any CPU
		{506550E7-9C21-4D5F-887A-56B59F7C5801}.Debug|Any CPU.Build.0 = Debug|Any CPU
		{506550E7-9C21-4D5F-887A-56B59F7C5801}.Release|Any CPU.ActiveCfg = Release|Any CPU
		{506550E7-9C21-4D5F-887A-56B59F7C5801}.Release|Any CPU.Build.0 = Release|Any CPU
		{6EFC88D0-84E4-41B9-AA4E-AEA09353C145}.Debug|Any CPU.ActiveCfg = Debug|Any CPU
		{6EFC88D0-84E4-41B9-AA4E-AEA09353C145}.Debug|Any CPU.Build.0 = Debug|Any CPU
		{6EFC88D0-84E4-41B9-AA4E-AEA09353C145}.Release|Any CPU.ActiveCfg = Release|Any CPU
		{6EFC88D0-84E4-41B9-AA4E-AEA09353C145}.Release|Any CPU.Build.0 = Release|Any CPU
	EndGlobalSection
EndGlobal
